
Microsoft Visual Studio Solution File, Format Version 12.00
# Visual Studio Version 17
VisualStudioVersion = 17.4.33213.308
MinimumVisualStudioVersion = 10.0.40219.1
Project("{9A19103F-16F7-4668-BE54-9A1E7A4F7556}") = "DungeonsAndDragons", "DungeonsAndDragons.csproj", "{1027897B-D5D4-42A6-854B-4460FD38EB5C}"
EndProject
Project("{9A19103F-16F7-4668-BE54-9A1E7A4F7556}") = "Orbit.Engine", "..\Orbit.Engine\Orbit.Engine.csproj", "{AF21E18C-6BFE-4A6F-8CF5-74C7F94029A8}"
EndProject
Global
	GlobalSection(SolutionConfigurationPlatforms) = preSolution
		Debug|Any CPU = Debug|Any CPU
		Release|Any CPU = Release|Any CPU
	EndGlobalSection
	GlobalSection(ProjectConfigurationPlatforms) = postSolution
		{1027897B-D5D4-42A6-854B-4460FD38EB5C}.Debug|Any CPU.ActiveCfg = Debug|Any CPU
		{1027897B-D5D4-42A6-854B-4460FD38EB5C}.Debug|Any CPU.Build.0 = Debug|Any CPU
		{1027897B-D5D4-42A6-854B-4460FD38EB5C}.Release|Any CPU.ActiveCfg = Release|Any CPU
		{1027897B-D5D4-42A6-854B-4460FD38EB5C}.Release|Any CPU.Build.0 = Release|Any CPU
		{1027897B-D5D4-42A6-854B-4460FD38EB5C}.Release|Any CPU.Deploy.0 = Release|Any CPU
		{AF21E18C-6BFE-4A6F-8CF5-74C7F94029A8}.Debug|Any CPU.ActiveCfg = Debug|Any CPU
		{AF21E18C-6BFE-4A6F-8CF5-74C7F94029A8}.Debug|Any CPU.Build.0 = Debug|Any CPU
		{AF21E18C-6BFE-4A6F-8CF5-74C7F94029A8}.Release|Any CPU.ActiveCfg = Release|Any CPU
		{AF21E18C-6BFE-4A6F-8CF5-74C7F94029A8}.Release|Any CPU.Build.0 = Release|Any CPU
	EndGlobalSection
	GlobalSection(SolutionProperties) = preSolution
		HideSolutionNode = FALSE
	EndGlobalSection
	GlobalSection(ExtensibilityGlobals) = postSolution
		SolutionGuid = {43EFC0E9-89A7-4013-8011-A0F3CBA6B372}
	EndGlobalSection
EndGlobal
